
Microsoft Visual Studio Solution File, Format Version 12.00
# Visual Studio Version 17
VisualStudioVersion = 17.9.34701.34
MinimumVisualStudioVersion = 10.0.40219.1
Project("{FAE04EC0-301F-11D3-BF4B-00C04F79EFBC}") = "WpfApp_UDP_Server_Client", "WpfApp_UDP_Server_Client\WpfApp_UDP_Server_Client.csproj", "{DA011D68-8BE6-404F-9144-EBA6409A1640}"
EndProject
Project("{FAE04EC0-301F-11D3-BF4B-00C04F79EFBC}") = "UDPUserServer", "UDPUserServer\UDPUserServer.csproj", "{91ADBB86-DF70-46B7-938C-7ADA3F2CD5D3}"
EndProject
Global
	GlobalSection(SolutionConfigurationPlatforms) = preSolution
		Debug|Any CPU = Debug|Any CPU
		Release|Any CPU = Release|Any CPU
	EndGlobalSection
	GlobalSection(ProjectConfigurationPlatforms) = postSolution
		{DA011D68-8BE6-404F-9144-EBA6409A1640}.Debug|Any CPU.ActiveCfg = Debug|Any CPU
		{DA011D68-8BE6-404F-9144-EBA6409A1640}.Debug|Any CPU.Build.0 = Debug|Any CPU
		{DA011D68-8BE6-404F-9144-EBA6409A1640}.Release|Any CPU.ActiveCfg = Release|Any CPU
		{DA011D68-8BE6-404F-9144-EBA6409A1640}.Release|Any CPU.Build.0 = Release|Any CPU
		{91ADBB86-DF70-46B7-938C-7ADA3F2CD5D3}.Debug|Any CPU.ActiveCfg = Debug|Any CPU
		{91ADBB86-DF70-46B7-938C-7ADA3F2CD5D3}.Debug|Any CPU.Build.0 = Debug|Any CPU
		{91ADBB86-DF70-46B7-938C-7ADA3F2CD5D3}.Release|Any CPU.ActiveCfg = Release|Any CPU
		{91ADBB86-DF70-46B7-938C-7ADA3F2CD5D3}.Release|Any CPU.Build.0 = Release|Any CPU
	EndGlobalSection
	GlobalSection(SolutionProperties) = preSolution
		HideSolutionNode = FALSE
	EndGlobalSection
	GlobalSection(ExtensibilityGlobals) = postSolution
		SolutionGuid = {87129220-AB7A-4C61-A870-499EFDD7F6D1}
	EndGlobalSection
EndGlobal
